
Microsoft Visual Studio Solution File, Format Version 12.00
# Visual Studio 14
VisualStudioVersion = 14.0.25420.1
MinimumVisualStudioVersion = 10.0.40219.1
Project("{FAE04EC0-301F-11D3-BF4B-00C04F79EFBC}") = "myWindowsService", "myWindowsService\myWindowsService.csproj", "{F5ACF63F-43F7-4109-9ABA-365B53FB5A97}"
EndProject
Project("{FAE04EC0-301F-11D3-BF4B-00C04F79EFBC}") = "WindowsServiceClient", "WindowsServiceClient\WindowsServiceClient.csproj", "{BDFFE732-3984-4C69-97F6-F2901873AA18}"
EndProject
Global
	GlobalSection(SolutionConfigurationPlatforms) = preSolution
		Debug|Any CPU = Debug|Any CPU
		Release|Any CPU = Release|Any CPU
	EndGlobalSection
	GlobalSection(ProjectConfigurationPlatforms) = postSolution
		{F5ACF63F-43F7-4109-9ABA-365B53FB5A97}.Debug|Any CPU.ActiveCfg = Debug|Any CPU
		{F5ACF63F-43F7-4109-9ABA-365B53FB5A97}.Debug|Any CPU.Build.0 = Debug|Any CPU
		{F5ACF63F-43F7-4109-9ABA-365B53FB5A97}.Release|Any CPU.ActiveCfg = Release|Any CPU
		{F5ACF63F-43F7-4109-9ABA-365B53FB5A97}.Release|Any CPU.Build.0 = Release|Any CPU
		{BDFFE732-3984-4C69-97F6-F2901873AA18}.Debug|Any CPU.ActiveCfg = Debug|Any CPU
		{BDFFE732-3984-4C69-97F6-F2901873AA18}.Debug|Any CPU.Build.0 = Debug|Any CPU
		{BDFFE732-3984-4C69-97F6-F2901873AA18}.Release|Any CPU.ActiveCfg = Release|Any CPU
		{BDFFE732-3984-4C69-97F6-F2901873AA18}.Release|Any CPU.Build.0 = Release|Any CPU
	EndGlobalSection
	GlobalSection(SolutionProperties) = preSolution
		HideSolutionNode = FALSE
	EndGlobalSection
EndGlobal
